
Microsoft Visual Studio Solution File, Format Version 12.00
# Visual Studio 15
VisualStudioVersion = 15.0.28307.136
MinimumVisualStudioVersion = 10.0.40219.1
Project("{FAE04EC0-301F-11D3-BF4B-00C04F79EFBC}") = "Final Project", "Final Project\Final Project.csproj", "{754244E4-5131-4B8D-AF95-B5994A480AF2}"
EndProject
Project("{FAE04EC0-301F-11D3-BF4B-00C04F79EFBC}") = "Validation", "Validation\Validation.csproj", "{FFA9A54E-7062-4E0D-9E8C-918AF9A77372}"
EndProject
Project("{FAE04EC0-301F-11D3-BF4B-00C04F79EFBC}") = "TransTest", "TranslatorTest\TransTest.csproj", "{51520A86-31F0-415F-A395-655633EECEAF}"
EndProject
Global
	GlobalSection(SolutionConfigurationPlatforms) = preSolution
		Debug|Any CPU = Debug|Any CPU
		Release|Any CPU = Release|Any CPU
	EndGlobalSection
	GlobalSection(ProjectConfigurationPlatforms) = postSolution
		{754244E4-5131-4B8D-AF95-B5994A480AF2}.Debug|Any CPU.ActiveCfg = Debug|Any CPU
		{754244E4-5131-4B8D-AF95-B5994A480AF2}.Debug|Any CPU.Build.0 = Debug|Any CPU
		{754244E4-5131-4B8D-AF95-B5994A480AF2}.Release|Any CPU.ActiveCfg = Release|Any CPU
		{754244E4-5131-4B8D-AF95-B5994A480AF2}.Release|Any CPU.Build.0 = Release|Any CPU
		{FFA9A54E-7062-4E0D-9E8C-918AF9A77372}.Debug|Any CPU.ActiveCfg = Debug|Any CPU
		{FFA9A54E-7062-4E0D-9E8C-918AF9A77372}.Debug|Any CPU.Build.0 = Debug|Any CPU
		{FFA9A54E-7062-4E0D-9E8C-918AF9A77372}.Release|Any CPU.ActiveCfg = Release|Any CPU
		{FFA9A54E-7062-4E0D-9E8C-918AF9A77372}.Release|Any CPU.Build.0 = Release|Any CPU
		{51520A86-31F0-415F-A395-655633EECEAF}.Debug|Any CPU.ActiveCfg = Debug|Any CPU
		{51520A86-31F0-415F-A395-655633EECEAF}.Debug|Any CPU.Build.0 = Debug|Any CPU
		{51520A86-31F0-415F-A395-655633EECEAF}.Release|Any CPU.ActiveCfg = Release|Any CPU
		{51520A86-31F0-415F-A395-655633EECEAF}.Release|Any CPU.Build.0 = Release|Any CPU
	EndGlobalSection
	GlobalSection(SolutionProperties) = preSolution
		HideSolutionNode = FALSE
	EndGlobalSection
	GlobalSection(ExtensibilityGlobals) = postSolution
		SolutionGuid = {78F64739-F7C3-4E8D-A2D5-30F6D3E93A06}
	EndGlobalSection
EndGlobal
